github.com/almerlucke/gomidi v0.0.0-20191121124647-8fe65cce8b4c h1:p0C45G5OFRWrt6DeHvYdanV8nKS8HcJGVMedSXov5x0=
github.com/almerlucke/gomidi v0.0.0-20191121124647-8fe65cce8b4c/go.mod h1:1BQ8r/Dsamft4Kz3ZoCgvK9k51CBnPehkOfvgILoHjk=
github.com/almerlucke/gomidi v0.0.0-20191121131357-3f70d37a6f67 h1:dTWxdeVjWRymDRScGEAxUvcXvJn8P7/guYrFO05QGfw=
github.com/almerlucke/gomidi v0.0.0-20191121131357-3f70d37a6f67/go.mod h1:1BQ8r/Dsamft4Kz3ZoCgvK9k51CBnPehkOfvgILoHjk=
github.com/almerlucke/gomidi v0.0.0-20191121131702-24f465c8415f h1:T97olxAiOjrOjkLR2EBE+mzag61A6+FvvI2UVv3vXUI=
github.com/almerlucke/gomidi v0.0.0-20191121131702-24f465c8415f/go.mod h1:1BQ8r/Dsamft4Kz3ZoCgvK9k51CBnPehkOfvgILoHjk=
